
Microsoft Visual Studio Solution File, Format Version 11.00
# Visual Studio 2010
Project("{8BC9CEB8-8B4A-11D0-8D11-00A0C91BC942}") = "TrojanAssessment", "TrojanAssessment\TrojanAssessment.vcxproj", "{18B7A43F-59E9-46E7-AFB8-1BE18D9B238F}"
EndProject
Project("{8BC9CEB8-8B4A-11D0-8D11-00A0C91BC942}") = "EmurateServices", "EmurateServices\EmurateServices.vcxproj", "{243884A4-2AAC-4E4C-AED6-12987238D4E0}"
EndProject
Project("{8BC9CEB8-8B4A-11D0-8D11-00A0C91BC942}") = "BootTime", "BootTime\BootTime.vcxproj", "{8358DCF7-C357-4F75-A404-68EAE6A6B01F}"
EndProject
Project("{8BC9CEB8-8B4A-11D0-8D11-00A0C91BC942}") = "GetSystemInfo", "GetSystemInfo\GetSystemInfo.vcxproj", "{44DD0204-F4D5-469B-A7BE-A17D9DE4344B}"
EndProject
Project("{8BC9CEB8-8B4A-11D0-8D11-00A0C91BC942}") = "GetIPAddress", "GetIPAddress\GetIPAddress.vcxproj", "{60187F27-470F-4B73-9465-37AC3E7CEB68}"
EndProject
Project("{8BC9CEB8-8B4A-11D0-8D11-00A0C91BC942}") = "IECacheViewer", "IECacheViewer\IECacheViewer.vcxproj", "{2E012D56-EB6F-42D2-A1CA-B657FBCD059D}"
EndProject
Project("{8BC9CEB8-8B4A-11D0-8D11-00A0C91BC942}") = "GetUserName", "GetUserName\GetUserName.vcxproj", "{4EC1966D-8B5E-4368-B748-5BBEB66BE3C0}"
EndProject
Project("{8BC9CEB8-8B4A-11D0-8D11-00A0C91BC942}") = "NanoMeter", "NanoMeter\NanoMeter.vcxproj", "{65FA3FC3-EB7C-4153-A215-96F44C97228E}"
EndProject
Project("{8BC9CEB8-8B4A-11D0-8D11-00A0C91BC942}") = "ChartDirectorRealTime", "ChartDirectorRealTime\ChartDirectorRealTime.vcxproj", "{D0ED35D3-410D-4400-8E7A-2A2656969C5A}"
EndProject
Global
	GlobalSection(SolutionConfigurationPlatforms) = preSolution
		Debug|Win32 = Debug|Win32
		Release|Win32 = Release|Win32
	EndGlobalSection
	GlobalSection(ProjectConfigurationPlatforms) = postSolution
		{18B7A43F-59E9-46E7-AFB8-1BE18D9B238F}.Debug|Win32.ActiveCfg = Debug|Win32
		{18B7A43F-59E9-46E7-AFB8-1BE18D9B238F}.Debug|Win32.Build.0 = Debug|Win32
		{18B7A43F-59E9-46E7-AFB8-1BE18D9B238F}.Release|Win32.ActiveCfg = Release|Win32
		{18B7A43F-59E9-46E7-AFB8-1BE18D9B238F}.Release|Win32.Build.0 = Release|Win32
		{243884A4-2AAC-4E4C-AED6-12987238D4E0}.Debug|Win32.ActiveCfg = Debug|Win32
		{243884A4-2AAC-4E4C-AED6-12987238D4E0}.Debug|Win32.Build.0 = Debug|Win32
		{243884A4-2AAC-4E4C-AED6-12987238D4E0}.Release|Win32.ActiveCfg = Release|Win32
		{243884A4-2AAC-4E4C-AED6-12987238D4E0}.Release|Win32.Build.0 = Release|Win32
		{8358DCF7-C357-4F75-A404-68EAE6A6B01F}.Debug|Win32.ActiveCfg = Debug|Win32
		{8358DCF7-C357-4F75-A404-68EAE6A6B01F}.Debug|Win32.Build.0 = Debug|Win32
		{8358DCF7-C357-4F75-A404-68EAE6A6B01F}.Release|Win32.ActiveCfg = Release|Win32
		{8358DCF7-C357-4F75-A404-68EAE6A6B01F}.Release|Win32.Build.0 = Release|Win32
		{44DD0204-F4D5-469B-A7BE-A17D9DE4344B}.Debug|Win32.ActiveCfg = Debug|Win32
		{44DD0204-F4D5-469B-A7BE-A17D9DE4344B}.Debug|Win32.Build.0 = Debug|Win32
		{44DD0204-F4D5-469B-A7BE-A17D9DE4344B}.Release|Win32.ActiveCfg = Release|Win32
		{44DD0204-F4D5-469B-A7BE-A17D9DE4344B}.Release|Win32.Build.0 = Release|Win32
		{60187F27-470F-4B73-9465-37AC3E7CEB68}.Debug|Win32.ActiveCfg = Debug|Win32
		{60187F27-470F-4B73-9465-37AC3E7CEB68}.Debug|Win32.Build.0 = Debug|Win32
		{60187F27-470F-4B73-9465-37AC3E7CEB68}.Release|Win32.ActiveCfg = Release|Win32
		{60187F27-470F-4B73-9465-37AC3E7CEB68}.Release|Win32.Build.0 = Release|Win32
		{2E012D56-EB6F-42D2-A1CA-B657FBCD059D}.Debug|Win32.ActiveCfg = Debug|Win32
		{2E012D56-EB6F-42D2-A1CA-B657FBCD059D}.Debug|Win32.Build.0 = Debug|Win32
		{2E012D56-EB6F-42D2-A1CA-B657FBCD059D}.Release|Win32.ActiveCfg = Release|Win32
		{2E012D56-EB6F-42D2-A1CA-B657FBCD059D}.Release|Win32.Build.0 = Release|Win32
		{4EC1966D-8B5E-4368-B748-5BBEB66BE3C0}.Debug|Win32.ActiveCfg = Debug|Win32
		{4EC1966D-8B5E-4368-B748-5BBEB66BE3C0}.Debug|Win32.Build.0 = Debug|Win32
		{4EC1966D-8B5E-4368-B748-5BBEB66BE3C0}.Release|Win32.ActiveCfg = Release|Win32
		{4EC1966D-8B5E-4368-B748-5BBEB66BE3C0}.Release|Win32.Build.0 = Release|Win32
		{65FA3FC3-EB7C-4153-A215-96F44C97228E}.Debug|Win32.ActiveCfg = Debug|Win32
		{65FA3FC3-EB7C-4153-A215-96F44C97228E}.Debug|Win32.Build.0 = Debug|Win32
		{65FA3FC3-EB7C-4153-A215-96F44C97228E}.Release|Win32.ActiveCfg = Release|Win32
		{65FA3FC3-EB7C-4153-A215-96F44C97228E}.Release|Win32.Build.0 = Release|Win32
		{D0ED35D3-410D-4400-8E7A-2A2656969C5A}.Debug|Win32.ActiveCfg = Debug|Win32
		{D0ED35D3-410D-4400-8E7A-2A2656969C5A}.Debug|Win32.Build.0 = Debug|Win32
		{D0ED35D3-410D-4400-8E7A-2A2656969C5A}.Release|Win32.ActiveCfg = Release|Win32
		{D0ED35D3-410D-4400-8E7A-2A2656969C5A}.Release|Win32.Build.0 = Release|Win32
	EndGlobalSection
	GlobalSection(SolutionProperties) = preSolution
		HideSolutionNode = FALSE
	EndGlobalSection
EndGlobal
