<?xml version="1.0" encoding="utf-8"?>
<Project ToolsVersion="4.0" xmlns="http://schemas.microsoft.com/developer/msbuild/2003">
  <ItemGroup>
    <Filter Include="Source Files">
      <UniqueIdentifier>{4FC737F1-C7A5-4376-A066-2A32D752A2FF}</UniqueIdentifier>
      <Extensions>cpp;cxx;c;def</Extensions>
    </Filter>
    <Filter Include="Header Files">
      <UniqueIdentifier>{93995380-89BD-4b04-88EB-625FBE52EBFB}</UniqueIdentifier>
      <Extensions>h</Extensions>
    </Filter>
    <Filter Include="Form Files">
      <UniqueIdentifier>{99349809-55BA-4b9d-BF79-8FDBB0286EB3}</UniqueIdentifier>
      <Extensions>ui</Extensions>
    </Filter>
    <Filter Include="Resource Files">
      <UniqueIdentifier>{D9D6E242-F8AF-46E4-B9FD-80ECBC20BA3E}</UniqueIdentifier>
      <Extensions>qrc;*</Extensions>
      <ParseFiles>false</ParseFiles>
    </Filter>
    <Filter Include="Generated Files">
      <UniqueIdentifier>{71ED8ED8-ACB9-4CE9-BBE1-E00B30144E11}</UniqueIdentifier>
      <Extensions>moc;h;cpp</Extensions>
      <SourceControlFiles>False</SourceControlFiles>
    </Filter>
    <Filter Include="Generated Files\Debug">
      <UniqueIdentifier>{71ffc1a6-427b-441a-bde1-e11e1c15842a}</UniqueIdentifier>
      <Extensions>cpp;moc</Extensions>
      <SourceControlFiles>False</SourceControlFiles>
    </Filter>
    <Filter Include="Generated Files\Release">
      <UniqueIdentifier>{e2121017-4504-4498-b1f9-10ce7230b6e3}</UniqueIdentifier>
      <Extensions>cpp;moc</Extensions>
      <SourceControlFiles>False</SourceControlFiles>
    </Filter>
  </ItemGroup>
  <ItemGroup>
    <ClCompile Include="GeneratedFiles\Release\moc_trojanassessment.cpp">
      <Filter>Generated Files\Release</Filter>
    </ClCompile>
    <ClCompile Include="GeneratedFiles\Release\moc_filemonitorpage.cpp">
      <Filter>Generated Files\Release</Filter>
    </ClCompile>
    <ClCompile Include="GeneratedFiles\Release\moc_processpage.cpp">
      <Filter>Generated Files\Release</Filter>
    </ClCompile>
    <ClCompile Include="GeneratedFiles\Release\moc_memorypage.cpp">
      <Filter>Generated Files\Release</Filter>
    </ClCompile>
    <ClCompile Include="GeneratedFiles\Release\moc_networkpage.cpp">
      <Filter>Generated Files\Release</Filter>
    </ClCompile>
    <ClCompile Include="GeneratedFiles\Release\moc_iepage.cpp">
      <Filter>Generated Files\Release</Filter>
    </ClCompile>
    <ClCompile Include="GeneratedFiles\Release\moc_registerpage.cpp">
      <Filter>Generated Files\Release</Filter>
    </ClCompile>
    <ClCompile Include="GeneratedFiles\Release\moc_securitycenterpage.cpp">
      <Filter>Generated Files\Release</Filter>
    </ClCompile>
    <ClCompile Include="GeneratedFiles\Release\moc_about.cpp">
      <Filter>Generated Files\Release</Filter>
    </ClCompile>
    <ClCompile Include="GeneratedFiles\Release\moc_cacheentrydetail.cpp">
      <Filter>Generated Files\Release</Filter>
    </ClCompile>
    <ClCompile Include="base\main.cpp">
      <Filter>Source Files</Filter>
    </ClCompile>
    <ClCompile Include="forms\MainForm\trojanassessment.cpp">
      <Filter>Source Files</Filter>
    </ClCompile>
    <ClCompile Include="forms\IETab\iepage.cpp">
      <Filter>Source Files</Filter>
    </ClCompile>
    <ClCompile Include="forms\CacheTab\cacheentrydetail.cpp">
      <Filter>Source Files</Filter>
    </ClCompile>
    <ClCompile Include="forms\ProcessTab\processpage.cpp">
      <Filter>Source Files</Filter>
    </ClCompile>
    <ClCompile Include="forms\RegistryTab\registerpage.cpp">
      <Filter>Source Files</Filter>
    </ClCompile>
    <ClCompile Include="forms\NetworkTab\networkpage.cpp">
      <Filter>Source Files</Filter>
    </ClCompile>
    <ClCompile Include="forms\MemoryTab\memorypage.cpp">
      <Filter>Source Files</Filter>
    </ClCompile>
    <ClCompile Include="forms\FileMonitorTab\filemonitorpage.cpp">
      <Filter>Source Files</Filter>
    </ClCompile>
    <ClCompile Include="forms\AssessmentTab\securitycenterpage.cpp">
      <Filter>Source Files</Filter>
    </ClCompile>
    <ClCompile Include="forms\AboutDialog\about.cpp">
      <Filter>Source Files</Filter>
    </ClCompile>
    <ClCompile Include="base\BusinessLayer\BasicInformation.cpp">
      <Filter>Source Files</Filter>
    </ClCompile>
    <ClCompile Include="GeneratedFiles\Release\moc_nofocusdelegate.cpp">
      <Filter>Generated Files\Release</Filter>
    </ClCompile>
    <ClCompile Include="base\CustomControl\nofocusdelegate.cpp">
      <Filter>Source Files</Filter>
    </ClCompile>
    <ClCompile Include="GeneratedFiles\Release\moc_shadowwindow.cpp">
      <Filter>Generated Files\Release</Filter>
    </ClCompile>
    <ClCompile Include="base\CustomControl\shadowwindow.cpp">
      <Filter>Source Files</Filter>
    </ClCompile>
    <ClCompile Include="base\CustomControl\customitemmodel.cpp">
      <Filter>Source Files</Filter>
    </ClCompile>
    <ClCompile Include="GeneratedFiles\Release\moc_customitemmodel.cpp">
      <Filter>Generated Files\Release</Filter>
    </ClCompile>
    <ClCompile Include="base\CustomControl\custompushbutton.cpp">
      <Filter>Source Files</Filter>
    </ClCompile>
    <ClCompile Include="GeneratedFiles\Release\moc_custompushbutton.cpp">
      <Filter>Generated Files\Release</Filter>
    </ClCompile>
    <ClCompile Include="forms\TitleWidget\titlewidget.cpp">
      <Filter>Source Files</Filter>
    </ClCompile>
    <ClCompile Include="GeneratedFiles\Release\moc_titlewidget.cpp">
      <Filter>Generated Files\Release</Filter>
    </ClCompile>
    <ClCompile Include="GeneratedFiles\Release\moc_customtoolbutton.cpp">
      <Filter>Generated Files\Release</Filter>
    </ClCompile>
    <ClCompile Include="base\CustomControl\customtoolbutton.cpp">
      <Filter>Source Files</Filter>
    </ClCompile>
    <ClCompile Include="base\BusinessLayer\WindowsServices.cpp">
      <Filter>Source Files</Filter>
    </ClCompile>
    <ClCompile Include="base\BusinessLayer\DynamicMemory.cpp">
      <Filter>Source Files</Filter>
    </ClCompile>
    <ClCompile Include="base\CustomControl\systemtray.cpp">
      <Filter>Source Files</Filter>
    </ClCompile>
    <ClCompile Include="GeneratedFiles\Release\moc_systemtray.cpp">
      <Filter>Generated Files\Release</Filter>
    </ClCompile>
    <ClCompile Include="3rdParty\Manometer\abstractmeter.cpp">
      <Filter>Source Files</Filter>
    </ClCompile>
    <ClCompile Include="GeneratedFiles\Debug\moc_abstractmeter.cpp">
      <Filter>Generated Files\Debug</Filter>
    </ClCompile>
    <ClCompile Include="GeneratedFiles\Release\moc_abstractmeter.cpp">
      <Filter>Generated Files\Release</Filter>
    </ClCompile>
    <ClCompile Include="3rdParty\Manometer\functions.cpp">
      <Filter>Source Files</Filter>
    </ClCompile>
    <ClCompile Include="3rdParty\Manometer\manometer.cpp">
      <Filter>Source Files</Filter>
    </ClCompile>
    <ClCompile Include="GeneratedFiles\Debug\moc_manometer.cpp">
      <Filter>Generated Files\Debug</Filter>
    </ClCompile>
    <ClCompile Include="GeneratedFiles\Release\moc_manometer.cpp">
      <Filter>Generated Files\Release</Filter>
    </ClCompile>
    <ClCompile Include="3rdParty\Manometer\widgetwithbackground.cpp">
      <Filter>Source Files</Filter>
    </ClCompile>
    <ClCompile Include="GeneratedFiles\Debug\moc_widgetwithbackground.cpp">
      <Filter>Generated Files\Debug</Filter>
    </ClCompile>
    <ClCompile Include="GeneratedFiles\Release\moc_widgetwithbackground.cpp">
      <Filter>Generated Files\Release</Filter>
    </ClCompile>
    <ClCompile Include="3rdParty\ChartDirector\qchartviewer.cpp">
      <Filter>Source Files</Filter>
    </ClCompile>
    <ClCompile Include="GeneratedFiles\Debug\moc_qchartviewer.cpp">
      <Filter>Generated Files\Debug</Filter>
    </ClCompile>
    <ClCompile Include="GeneratedFiles\Release\moc_qchartviewer.cpp">
      <Filter>Generated Files\Release</Filter>
    </ClCompile>
    <ClCompile Include="GeneratedFiles\Debug\moc_about.cpp">
      <Filter>Source Files</Filter>
    </ClCompile>
    <ClCompile Include="GeneratedFiles\Debug\moc_cacheentrydetail.cpp">
      <Filter>Source Files</Filter>
    </ClCompile>
    <ClCompile Include="GeneratedFiles\Debug\moc_customitemmodel.cpp">
      <Filter>Source Files</Filter>
    </ClCompile>
    <ClCompile Include="GeneratedFiles\Debug\moc_custompushbutton.cpp">
      <Filter>Source Files</Filter>
    </ClCompile>
    <ClCompile Include="GeneratedFiles\Debug\moc_customtoolbutton.cpp">
      <Filter>Source Files</Filter>
    </ClCompile>
    <ClCompile Include="GeneratedFiles\Debug\moc_filemonitorpage.cpp">
      <Filter>Source Files</Filter>
    </ClCompile>
    <ClCompile Include="GeneratedFiles\Debug\moc_iepage.cpp">
      <Filter>Source Files</Filter>
    </ClCompile>
    <ClCompile Include="GeneratedFiles\Debug\moc_memorypage.cpp">
      <Filter>Source Files</Filter>
    </ClCompile>
    <ClCompile Include="GeneratedFiles\Debug\moc_networkpage.cpp">
      <Filter>Source Files</Filter>
    </ClCompile>
    <ClCompile Include="GeneratedFiles\Debug\moc_nofocusdelegate.cpp">
      <Filter>Source Files</Filter>
    </ClCompile>
    <ClCompile Include="GeneratedFiles\Debug\moc_processpage.cpp">
      <Filter>Source Files</Filter>
    </ClCompile>
    <ClCompile Include="GeneratedFiles\Debug\moc_registerpage.cpp">
      <Filter>Source Files</Filter>
    </ClCompile>
    <ClCompile Include="GeneratedFiles\Debug\moc_securitycenterpage.cpp">
      <Filter>Source Files</Filter>
    </ClCompile>
    <ClCompile Include="GeneratedFiles\Debug\moc_shadowwindow.cpp">
      <Filter>Source Files</Filter>
    </ClCompile>
    <ClCompile Include="GeneratedFiles\Debug\moc_systemtray.cpp">
      <Filter>Source Files</Filter>
    </ClCompile>
    <ClCompile Include="GeneratedFiles\Debug\moc_titlewidget.cpp">
      <Filter>Source Files</Filter>
    </ClCompile>
    <ClCompile Include="GeneratedFiles\Debug\moc_trojanassessment.cpp">
      <Filter>Source Files</Filter>
    </ClCompile>
    <ClCompile Include="GeneratedFiles\qrc_trojanassessment.cpp">
      <Filter>Source Files</Filter>
    </ClCompile>
  </ItemGroup>
  <ItemGroup>
    <CustomBuild Include="UI\trojanassessment.qrc">
      <Filter>Resource Files</Filter>
    </CustomBuild>
    <CustomBuild Include="UI\cacheentrydetail.ui">
      <Filter>Form Files</Filter>
    </CustomBuild>
    <CustomBuild Include="forms\MainForm\trojanassessment.h">
      <Filter>Header Files</Filter>
    </CustomBuild>
    <CustomBuild Include="forms\IETab\iepage.h">
      <Filter>Header Files</Filter>
    </CustomBuild>
    <CustomBuild Include="forms\CacheTab\cacheentrydetail.h">
      <Filter>Header Files</Filter>
    </CustomBuild>
    <CustomBuild Include="forms\ProcessTab\processpage.h">
      <Filter>Header Files</Filter>
    </CustomBuild>
    <CustomBuild Include="forms\RegistryTab\registerpage.h">
      <Filter>Header Files</Filter>
    </CustomBuild>
    <CustomBuild Include="forms\NetworkTab\networkpage.h">
      <Filter>Header Files</Filter>
    </CustomBuild>
    <CustomBuild Include="forms\MemoryTab\memorypage.h">
      <Filter>Header Files</Filter>
    </CustomBuild>
    <CustomBuild Include="forms\FileMonitorTab\filemonitorpage.h">
      <Filter>Header Files</Filter>
    </CustomBuild>
    <CustomBuild Include="forms\AssessmentTab\securitycenterpage.h">
      <Filter>Header Files</Filter>
    </CustomBuild>
    <CustomBuild Include="forms\AboutDialog\about.h">
      <Filter>Header Files</Filter>
    </CustomBuild>
    <CustomBuild Include="base\CustomControl\nofocusdelegate.h">
      <Filter>Header Files</Filter>
    </CustomBuild>
    <CustomBuild Include="base\CustomControl\shadowwindow.h">
      <Filter>Header Files</Filter>
    </CustomBuild>
    <CustomBuild Include="base\CustomControl\customitemmodel.h">
      <Filter>Header Files</Filter>
    </CustomBuild>
    <CustomBuild Include="base\CustomControl\custompushbutton.h">
      <Filter>Header Files</Filter>
    </CustomBuild>
    <CustomBuild Include="forms\TitleWidget\titlewidget.h">
      <Filter>Header Files</Filter>
    </CustomBuild>
    <CustomBuild Include="base\CustomControl\customtoolbutton.h">
      <Filter>Header Files</Filter>
    </CustomBuild>
    <CustomBuild Include="base\CustomControl\systemtray.h">
      <Filter>Header Files</Filter>
    </CustomBuild>
    <CustomBuild Include="3rdParty\Manometer\abstractmeter.h">
      <Filter>Header Files</Filter>
    </CustomBuild>
    <CustomBuild Include="3rdParty\Manometer\manometer.h">
      <Filter>Header Files</Filter>
    </CustomBuild>
    <CustomBuild Include="3rdParty\Manometer\widgetwithbackground.h">
      <Filter>Header Files</Filter>
    </CustomBuild>
    <CustomBuild Include="3rdParty\ChartDirector\qchartviewer.h">
      <Filter>Header Files</Filter>
    </CustomBuild>
  </ItemGroup>
  <ItemGroup>
    <ClInclude Include="base\BusinessLayer\BasicInformation.h">
      <Filter>Header Files</Filter>
    </ClInclude>
    <ClInclude Include="base\BusinessLayer\WindowsServices.h">
      <Filter>Header Files</Filter>
    </ClInclude>
    <ClInclude Include="base\BusinessLayer\DynamicMemory.h">
      <Filter>Header Files</Filter>
    </ClInclude>
    <ClInclude Include="3rdParty\ChartDirector\bchartdir.h">
      <Filter>Header Files</Filter>
    </ClInclude>
    <ClInclude Include="3rdParty\ChartDirector\chartdir.h">
      <Filter>Header Files</Filter>
    </ClInclude>
    <ClInclude Include="3rdParty\ChartDirector\FinanceChart.h">
      <Filter>Header Files</Filter>
    </ClInclude>
    <ClInclude Include="3rdParty\ChartDirector\memblock.h">
      <Filter>Header Files</Filter>
    </ClInclude>
    <ClInclude Include="3rdParty\Manometer\functions.h">
      <Filter>Header Files</Filter>
    </ClInclude>
    <ClInclude Include="GeneratedFiles\ui_cacheentrydetail.h">
      <Filter>Header Files</Filter>
    </ClInclude>
  </ItemGroup>
  <ItemGroup>
    <None Include="UI\style.qss" />
    <None Include="UI\images\Misc\5.png" />
    <None Include="UI\images\Misc\5_big.png" />
    <None Include="UI\images\Misc\update.png" />
    <None Include="UI\images\Misc\about.png" />
    <None Include="UI\images\Misc\arrowDown.png" />
    <None Include="UI\images\Misc\cloud.png" />
    <None Include="UI\images\Misc\disk.ico" />
    <None Include="UI\images\Misc\help.png" />
    <None Include="UI\images\Misc\home.png" />
    <None Include="UI\images\Misc\logo.png" />
    <None Include="UI\images\Misc\notification.png" />
    <None Include="UI\images\Misc\open.png" />
    <None Include="UI\images\Misc\quit.png" />
    <None Include="UI\images\Misc\restore.png" />
    <None Include="UI\images\Misc\run.png" />
    <None Include="UI\images\Misc\setting.png" />
    <None Include="UI\images\SysButtons\close.png" />
    <None Include="UI\images\SysButtons\min_pressed.png" />
    <None Include="UI\images\SysButtons\close_hover.png" />
    <None Include="UI\images\SysButtons\close_pressed.png" />
    <None Include="UI\images\SysButtons\menu.png" />
    <None Include="UI\images\SysButtons\menu_hover.png" />
    <None Include="UI\images\SysButtons\menu_pressed.png" />
    <None Include="UI\images\SysButtons\min.png" />
    <None Include="UI\images\SysButtons\min_hover.png" />
    <None Include="UI\images\ToolButtons\gongNeng.png" />
    <None Include="UI\images\ToolButtons\xiTong.png" />
    <None Include="UI\images\ToolButtons\jiaSu.png" />
    <None Include="UI\images\ToolButtons\louDong.png" />
    <None Include="UI\images\ToolButtons\muMa.png" />
    <None Include="UI\images\ToolButtons\ruanJian.png" />
    <None Include="UI\images\ToolButtons\tiJian.png" />
  </ItemGroup>
</Project>